PODS:
  - SDWebImage (5.18.5):
    - SDWebImage/Core (= 5.18.5)
  - SDWebImage/Core (5.18.5)

DEPENDENCIES:
  - SDWebImage

SPEC REPOS:
  trunk:
    - SDWebImage

SPEC CHECKSUMS:
  SDWebImage: 7ac2b7ddc5e8484c79aa90fc4e30b149d6a2c88f

PODFILE CHECKSUM: 30477a864d878b58ca3ddfb4f7ecef97d7efdadb

COCOAPODS: 1.14.3
