// !$*UTF8*$!
{
	archiveVersion = 1;
	classes = {
	};
	objectVersion = 56;
	objects = {

/* Begin PBXBuildFile section */
		74A6F04DCC8F87283094633F /* Pods_AppcademyProyect.framework in Frameworks */ = {isa = PBXBuildFile; fileRef = EB479F9BCD0EA4F5DB0EE21D /* Pods_AppcademyProyect.framework */; };
		9F02FC172B7C4EB200CF5DC1 /* AppDelegate.swift in Sources */ = {isa = PBXBuildFile; fileRef = 9F02FC162B7C4EB200CF5DC1 /* AppDelegate.swift */; };
		9F02FC192B7C4EB200CF5DC1 /* SceneDelegate.swift in Sources */ = {isa = PBXBuildFile; fileRef = 9F02FC182B7C4EB200CF5DC1 /* SceneDelegate.swift */; };
		9F02FC1B2B7C4EB200CF5DC1 /* ViewController.swift in Sources */ = {isa = PBXBuildFile; fileRef = 9F02FC1A2B7C4EB200CF5DC1 /* ViewController.swift */; };
		9F02FC1E2B7C4EB300CF5DC1 /* Main.storyboard in Resources */ = {isa = PBXBuildFile; fileRef = 9F02FC1C2B7C4EB300CF5DC1 /* Main.storyboard */; };
		9F02FC202B7C4EB400CF5DC1 /* Assets.xcassets in Resources */ = {isa = PBXBuildFile; fileRef = 9F02FC1F2B7C4EB400CF5DC1 /* Assets.xcassets */; };
		9F02FC232B7C4EB400CF5DC1 /* LaunchScreen.storyboard in Resources */ = {isa = PBXBuildFile; fileRef = 9F02FC212B7C4EB400CF5DC1 /* LaunchScreen.storyboard */; };
		9F02FC2E2B7C4FFC00CF5DC1 /* AdviserModel.swift in Sources */ = {isa = PBXBuildFile; fileRef = 9F02FC2D2B7C4FFC00CF5DC1 /* AdviserModel.swift */; };
		9F02FC302B7C503B00CF5DC1 /* LevelAdviserModel.swift in Sources */ = {isa = PBXBuildFile; fileRef = 9F02FC2F2B7C503B00CF5DC1 /* LevelAdviserModel.swift */; };
		9F02FC322B7C506200CF5DC1 /* AdvisedModel.swift in Sources */ = {isa = PBXBuildFile; fileRef = 9F02FC312B7C506200CF5DC1 /* AdvisedModel.swift */; };
		9F02FC342B7C508A00CF5DC1 /* CategoriesModel.swift in Sources */ = {isa = PBXBuildFile; fileRef = 9F02FC332B7C508A00CF5DC1 /* CategoriesModel.swift */; };
		9F02FC372B7C52D300CF5DC1 /* RegisterViewController.swift in Sources */ = {isa = PBXBuildFile; fileRef = 9F02FC362B7C52D300CF5DC1 /* RegisterViewController.swift */; };
		9F02FC392B7C533800CF5DC1 /* RegisterViewModel.swift in Sources */ = {isa = PBXBuildFile; fileRef = 9F02FC382B7C533800CF5DC1 /* RegisterViewModel.swift */; };
		9F02FC3B2B7C535300CF5DC1 /* RegisterCoordinator.swift in Sources */ = {isa = PBXBuildFile; fileRef = 9F02FC3A2B7C535300CF5DC1 /* RegisterCoordinator.swift */; };
		9F02FC412B7C544700CF5DC1 /* LoginViewController.swift in Sources */ = {isa = PBXBuildFile; fileRef = 9F02FC402B7C544700CF5DC1 /* LoginViewController.swift */; };
		9F02FC432B7C548100CF5DC1 /* LoginViewModel.swift in Sources */ = {isa = PBXBuildFile; fileRef = 9F02FC422B7C548100CF5DC1 /* LoginViewModel.swift */; };
		9F02FC452B7C549400CF5DC1 /* LoginCoordinator.swift in Sources */ = {isa = PBXBuildFile; fileRef = 9F02FC442B7C549400CF5DC1 /* LoginCoordinator.swift */; };
		9F02FC492B7C55EA00CF5DC1 /* DataBase.swift in Sources */ = {isa = PBXBuildFile; fileRef = 9F02FC482B7C55EA00CF5DC1 /* DataBase.swift */; };
		9F02FC4C2B7C56D700CF5DC1 /* SplashViewController.swift in Sources */ = {isa = PBXBuildFile; fileRef = 9F02FC4B2B7C56D700CF5DC1 /* SplashViewController.swift */; };
		9F02FC4E2B7C56E800CF5DC1 /* SplashViewModel.swift in Sources */ = {isa = PBXBuildFile; fileRef = 9F02FC4D2B7C56E800CF5DC1 /* SplashViewModel.swift */; };
		9F02FC502B7C570400CF5DC1 /* SplashCoordinator.swift in Sources */ = {isa = PBXBuildFile; fileRef = 9F02FC4F2B7C570400CF5DC1 /* SplashCoordinator.swift */; };
		9F02FC522B7C5D9A00CF5DC1 /* UserDefaultKeys.swift in Sources */ = {isa = PBXBuildFile; fileRef = 9F02FC512B7C5D9A00CF5DC1 /* UserDefaultKeys.swift */; };
		9FDF4A542B7EFB7200A2B65F /* Utils.swift in Sources */ = {isa = PBXBuildFile; fileRef = 9FDF4A532B7EFB7200A2B65F /* Utils.swift */; };
		F1AAC0262B846D4A008FDD16 /* SplashScreenViewController.swift in Sources */ = {isa = PBXBuildFile; fileRef = F1AAC0252B846D4A008FDD16 /* SplashScreenViewController.swift */; };
		F1AAC0282B846DE6008FDD16 /* SplashScreenCoordinator.swift in Sources */ = {isa = PBXBuildFile; fileRef = F1AAC0272B846DE6008FDD16 /* SplashScreenCoordinator.swift */; };
		F1AAC02A2B846E25008FDD16 /* AppCoordinator.swift in Sources */ = {isa = PBXBuildFile; fileRef = F1AAC0292B846E25008FDD16 /* AppCoordinator.swift */; };
		F1AAC02C2B846FB4008FDD16 /* SplashScreenViewModel.swift in Sources */ = {isa = PBXBuildFile; fileRef = F1AAC02B2B846FB4008FDD16 /* SplashScreenViewModel.swift */; };
/* End PBXBuildFile section */

/* Begin PBXFileReference section */
		2B722CF217AE3242CF1EEDD6 /* Pods-AppcademyProyect.debug.xcconfig */ = {isa = PBXFileReference; includeInIndex = 1; lastKnownFileType = text.xcconfig; name = "Pods-AppcademyProyect.debug.xcconfig"; path = "Target Support Files/Pods-AppcademyProyect/Pods-AppcademyProyect.debug.xcconfig"; sourceTree = "<group>"; };
		77EBAB7DD38C5156631FF588 /* Pods-AppcademyProyect.release.xcconfig */ = {isa = PBXFileReference; includeInIndex = 1; lastKnownFileType = text.xcconfig; name = "Pods-AppcademyProyect.release.xcconfig"; path = "Target Support Files/Pods-AppcademyProyect/Pods-AppcademyProyect.release.xcconfig"; sourceTree = "<group>"; };
		9F02FC132B7C4EB200CF5DC1 /* AppcademyProyect.app */ = {isa = PBXFileReference; explicitFileType = wrapper.application; includeInIndex = 0; path = AppcademyProyect.app; sourceTree = BUILT_PRODUCTS_DIR; };
		9F02FC162B7C4EB200CF5DC1 /* AppDelegate.swift */ = {isa = PBXFileReference; lastKnownFileType = sourcecode.swift; path = AppDelegate.swift; sourceTree = "<group>"; };
		9F02FC182B7C4EB200CF5DC1 /* SceneDelegate.swift */ = {isa = PBXFileReference; lastKnownFileType = sourcecode.swift; path = SceneDelegate.swift; sourceTree = "<group>"; };
		9F02FC1A2B7C4EB200CF5DC1 /* ViewController.swift */ = {isa = PBXFileReference; lastKnownFileType = sourcecode.swift; path = ViewController.swift; sourceTree = "<group>"; };
		9F02FC1D2B7C4EB300CF5DC1 /* Base */ = {isa = PBXFileReference; lastKnownFileType = file.storyboard; name = Base; path = Base.lproj/Main.storyboard; sourceTree = "<group>"; };
		9F02FC1F2B7C4EB400CF5DC1 /* Assets.xcassets */ = {isa = PBXFileReference; lastKnownFileType = folder.assetcatalog; path = Assets.xcassets; sourceTree = "<group>"; };
		9F02FC222B7C4EB400CF5DC1 /* Base */ = {isa = PBXFileReference; lastKnownFileType = file.storyboard; name = Base; path = Base.lproj/LaunchScreen.storyboard; sourceTree = "<group>"; };
		9F02FC242B7C4EB400CF5DC1 /* Info.plist */ = {isa = PBXFileReference; lastKnownFileType = text.plist.xml; path = Info.plist; sourceTree = "<group>"; };
		9F02FC2D2B7C4FFC00CF5DC1 /* AdviserModel.swift */ = {isa = PBXFileReference; lastKnownFileType = sourcecode.swift; path = AdviserModel.swift; sourceTree = "<group>"; };
		9F02FC2F2B7C503B00CF5DC1 /* LevelAdviserModel.swift */ = {isa = PBXFileReference; lastKnownFileType = sourcecode.swift; path = LevelAdviserModel.swift; sourceTree = "<group>"; };
		9F02FC312B7C506200CF5DC1 /* AdvisedModel.swift */ = {isa = PBXFileReference; lastKnownFileType = sourcecode.swift; path = AdvisedModel.swift; sourceTree = "<group>"; };
		9F02FC332B7C508A00CF5DC1 /* CategoriesModel.swift */ = {isa = PBXFileReference; lastKnownFileType = sourcecode.swift; path = CategoriesModel.swift; sourceTree = "<group>"; };
		9F02FC362B7C52D300CF5DC1 /* RegisterViewController.swift */ = {isa = PBXFileReference; lastKnownFileType = sourcecode.swift; path = RegisterViewController.swift; sourceTree = "<group>"; };
		9F02FC382B7C533800CF5DC1 /* RegisterViewModel.swift */ = {isa = PBXFileReference; lastKnownFileType = sourcecode.swift; path = RegisterViewModel.swift; sourceTree = "<group>"; };
		9F02FC3A2B7C535300CF5DC1 /* RegisterCoordinator.swift */ = {isa = PBXFileReference; lastKnownFileType = sourcecode.swift; path = RegisterCoordinator.swift; sourceTree = "<group>"; };
		9F02FC402B7C544700CF5DC1 /* LoginViewController.swift */ = {isa = PBXFileReference; lastKnownFileType = sourcecode.swift; path = LoginViewController.swift; sourceTree = "<group>"; };
		9F02FC422B7C548100CF5DC1 /* LoginViewModel.swift */ = {isa = PBXFileReference; lastKnownFileType = sourcecode.swift; path = LoginViewModel.swift; sourceTree = "<group>"; };
		9F02FC442B7C549400CF5DC1 /* LoginCoordinator.swift */ = {isa = PBXFileReference; lastKnownFileType = sourcecode.swift; path = LoginCoordinator.swift; sourceTree = "<group>"; };
		9F02FC482B7C55EA00CF5DC1 /* DataBase.swift */ = {isa = PBXFileReference; lastKnownFileType = sourcecode.swift; path = DataBase.swift; sourceTree = "<group>"; };
		9F02FC4B2B7C56D700CF5DC1 /* SplashViewController.swift */ = {isa = PBXFileReference; lastKnownFileType = sourcecode.swift; path = SplashViewController.swift; sourceTree = "<group>"; };
		9F02FC4D2B7C56E800CF5DC1 /* SplashViewModel.swift */ = {isa = PBXFileReference; lastKnownFileType = sourcecode.swift; path = SplashViewModel.swift; sourceTree = "<group>"; };
		9F02FC4F2B7C570400CF5DC1 /* SplashCoordinator.swift */ = {isa = PBXFileReference; lastKnownFileType = sourcecode.swift; path = SplashCoordinator.swift; sourceTree = "<group>"; };
		9F02FC512B7C5D9A00CF5DC1 /* UserDefaultKeys.swift */ = {isa = PBXFileReference; lastKnownFileType = sourcecode.swift; path = UserDefaultKeys.swift; sourceTree = "<group>"; };
		9FDF4A532B7EFB7200A2B65F /* Utils.swift */ = {isa = PBXFileReference; lastKnownFileType = sourcecode.swift; path = Utils.swift; sourceTree = "<group>"; };
		EB479F9BCD0EA4F5DB0EE21D /* Pods_AppcademyProyect.framework */ = {isa = PBXFileReference; explicitFileType = wrapper.framework; includeInIndex = 0; path = Pods_AppcademyProyect.framework; sourceTree = BUILT_PRODUCTS_DIR; };
		F1AAC0252B846D4A008FDD16 /* SplashScreenViewController.swift */ = {isa = PBXFileReference; lastKnownFileType = sourcecode.swift; path = SplashScreenViewController.swift; sourceTree = "<group>"; };
		F1AAC0272B846DE6008FDD16 /* SplashScreenCoordinator.swift */ = {isa = PBXFileReference; lastKnownFileType = sourcecode.swift; path = SplashScreenCoordinator.swift; sourceTree = "<group>"; };
		F1AAC0292B846E25008FDD16 /* AppCoordinator.swift */ = {isa = PBXFileReference; lastKnownFileType = sourcecode.swift; path = AppCoordinator.swift; sourceTree = "<group>"; };
		F1AAC02B2B846FB4008FDD16 /* SplashScreenViewModel.swift */ = {isa = PBXFileReference; lastKnownFileType = sourcecode.swift; path = SplashScreenViewModel.swift; sourceTree = "<group>"; };
/* End PBXFileReference section */

/* Begin PBXFrameworksBuildPhase section */
		9F02FC102B7C4EB200CF5DC1 /* Frameworks */ = {
			isa = PBXFrameworksBuildPhase;
			buildActionMask = 2147483647;
			files = (
				74A6F04DCC8F87283094633F /* Pods_AppcademyProyect.framework in Frameworks */,
			);
			runOnlyForDeploymentPostprocessing = 0;
		};
/* End PBXFrameworksBuildPhase section */

/* Begin PBXGroup section */
		21551D7E3FA6CC5B37F5E53E /* Pods */ = {
			isa = PBXGroup;
			children = (
				2B722CF217AE3242CF1EEDD6 /* Pods-AppcademyProyect.debug.xcconfig */,
				77EBAB7DD38C5156631FF588 /* Pods-AppcademyProyect.release.xcconfig */,
			);
			path = Pods;
			sourceTree = "<group>";
		};
		9F02FC0A2B7C4EB200CF5DC1 = {
			isa = PBXGroup;
			children = (
				9F02FC152B7C4EB200CF5DC1 /* AppcademyProyect */,
				9F02FC142B7C4EB200CF5DC1 /* Products */,
				21551D7E3FA6CC5B37F5E53E /* Pods */,
				F39B04C967B2D950570CCE36 /* Frameworks */,
			);
			sourceTree = "<group>";
		};
		9F02FC142B7C4EB200CF5DC1 /* Products */ = {
			isa = PBXGroup;
			children = (
				9F02FC132B7C4EB200CF5DC1 /* AppcademyProyect.app */,
			);
			name = Products;
			sourceTree = "<group>";
		};
		9F02FC152B7C4EB200CF5DC1 /* AppcademyProyect */ = {
			isa = PBXGroup;
			children = (
				F1AAC0212B846CB3008FDD16 /* Views */,
				9F02FC162B7C4EB200CF5DC1 /* AppDelegate.swift */,
				9FDF4A522B7EFB6000A2B65F /* Utils */,
				9F02FC472B7C54F200CF5DC1 /* DataBase */,
				9F02FC2A2B7C4EDC00CF5DC1 /* Models */,
				9F02FC182B7C4EB200CF5DC1 /* SceneDelegate.swift */,
				9F02FC1A2B7C4EB200CF5DC1 /* ViewController.swift */,
				9F02FC352B7C528700CF5DC1 /* Register */,
				9F02FC1C2B7C4EB300CF5DC1 /* Main.storyboard */,
				9F02FC1F2B7C4EB400CF5DC1 /* Assets.xcassets */,
				9F02FC212B7C4EB400CF5DC1 /* LaunchScreen.storyboard */,
				9F02FC242B7C4EB400CF5DC1 /* Info.plist */,
				F1AAC0292B846E25008FDD16 /* AppCoordinator.swift */,
			);
			path = AppcademyProyect;
			sourceTree = "<group>";
		};
		9F02FC2A2B7C4EDC00CF5DC1 /* Models */ = {
			isa = PBXGroup;
			children = (
				9F02FC2D2B7C4FFC00CF5DC1 /* AdviserModel.swift */,
				9F02FC2F2B7C503B00CF5DC1 /* LevelAdviserModel.swift */,
				9F02FC312B7C506200CF5DC1 /* AdvisedModel.swift */,
				9F02FC332B7C508A00CF5DC1 /* CategoriesModel.swift */,
			);
			path = Models;
			sourceTree = "<group>";
		};
		9F02FC352B7C528700CF5DC1 /* Register */ = {
			isa = PBXGroup;
			children = (
				9F02FC362B7C52D300CF5DC1 /* RegisterViewController.swift */,
				9F02FC382B7C533800CF5DC1 /* RegisterViewModel.swift */,
				9F02FC3A2B7C535300CF5DC1 /* RegisterCoordinator.swift */,
				9F02FC3D2B7C53F800CF5DC1 /* Login */,
			);
			path = Register;
			sourceTree = "<group>";
		};
		9F02FC3D2B7C53F800CF5DC1 /* Login */ = {
			isa = PBXGroup;
			children = (
				9F02FC402B7C544700CF5DC1 /* LoginViewController.swift */,
				9F02FC422B7C548100CF5DC1 /* LoginViewModel.swift */,
				9F02FC442B7C549400CF5DC1 /* LoginCoordinator.swift */,
				9F02FC4A2B7C56BD00CF5DC1 /* Splash */,
			);
			path = Login;
			sourceTree = "<group>";
		};
		9F02FC472B7C54F200CF5DC1 /* DataBase */ = {
			isa = PBXGroup;
			children = (
				9F02FC482B7C55EA00CF5DC1 /* DataBase.swift */,
				9F02FC512B7C5D9A00CF5DC1 /* UserDefaultKeys.swift */,
			);
			path = DataBase;
			sourceTree = "<group>";
		};
		9F02FC4A2B7C56BD00CF5DC1 /* Splash */ = {
			isa = PBXGroup;
			children = (
				9F02FC4B2B7C56D700CF5DC1 /* SplashViewController.swift */,
				9F02FC4D2B7C56E800CF5DC1 /* SplashViewModel.swift */,
				9F02FC4F2B7C570400CF5DC1 /* SplashCoordinator.swift */,
			);
			path = Splash;
			sourceTree = "<group>";
		};
		9FDF4A522B7EFB6000A2B65F /* Utils */ = {
			isa = PBXGroup;
			children = (
				9FDF4A532B7EFB7200A2B65F /* Utils.swift */,
			);
			path = Utils;
			sourceTree = "<group>";
		};
		F1AAC0212B846CB3008FDD16 /* Views */ = {
			isa = PBXGroup;
			children = (
				F1AAC0222B846CE6008FDD16 /* SplashScreen */,
			);
			path = Views;
			sourceTree = "<group>";
		};
		F1AAC0222B846CE6008FDD16 /* SplashScreen */ = {
			isa = PBXGroup;
			children = (
				F1AAC0252B846D4A008FDD16 /* SplashScreenViewController.swift */,
				F1AAC0272B846DE6008FDD16 /* SplashScreenCoordinator.swift */,
				F1AAC02B2B846FB4008FDD16 /* SplashScreenViewModel.swift */,
			);
			path = SplashScreen;
			sourceTree = "<group>";
		};
		F39B04C967B2D950570CCE36 /* Frameworks */ = {
			isa = PBXGroup;
			children = (
				EB479F9BCD0EA4F5DB0EE21D /* Pods_AppcademyProyect.framework */,
			);
			name = Frameworks;
			sourceTree = "<group>";
		};
/* End PBXGroup section */

/* Begin PBXNativeTarget section */
		9F02FC122B7C4EB200CF5DC1 /* AppcademyProyect */ = {
			isa = PBXNativeTarget;
			buildConfigurationList = 9F02FC272B7C4EB500CF5DC1 /* Build configuration list for PBXNativeTarget "AppcademyProyect" */;
			buildPhases = (
				201B3F3D36B944197AC7FBC3 /* [CP] Check Pods Manifest.lock */,
				9F02FC0F2B7C4EB200CF5DC1 /* Sources */,
				9F02FC102B7C4EB200CF5DC1 /* Frameworks */,
				9F02FC112B7C4EB200CF5DC1 /* Resources */,
				152C3C828AACF0C731819306 /* [CP] Embed Pods Frameworks */,
			);
			buildRules = (
			);
			dependencies = (
			);
			name = AppcademyProyect;
			productName = AppcademyProyect;
			productReference = 9F02FC132B7C4EB200CF5DC1 /* AppcademyProyect.app */;
			productType = "com.apple.product-type.application";
		};
/* End PBXNativeTarget section */

/* Begin PBXProject section */
		9F02FC0B2B7C4EB200CF5DC1 /* Project object */ = {
			isa = PBXProject;
			attributes = {
				BuildIndependentTargetsInParallel = 1;
				LastSwiftUpdateCheck = 1510;
				LastUpgradeCheck = 1510;
				TargetAttributes = {
					9F02FC122B7C4EB200CF5DC1 = {
						CreatedOnToolsVersion = 15.1;
					};
				};
			};
			buildConfigurationList = 9F02FC0E2B7C4EB200CF5DC1 /* Build configuration list for PBXProject "AppcademyProyect" */;
			compatibilityVersion = "Xcode 14.0";
			developmentRegion = en;
			hasScannedForEncodings = 0;
			knownRegions = (
				en,
				Base,
			);
			mainGroup = 9F02FC0A2B7C4EB200CF5DC1;
			productRefGroup = 9F02FC142B7C4EB200CF5DC1 /* Products */;
			projectDirPath = "";
			projectRoot = "";
			targets = (
				9F02FC122B7C4EB200CF5DC1 /* AppcademyProyect */,
			);
		};
/* End PBXProject section */

/* Begin PBXResourcesBuildPhase section */
		9F02FC112B7C4EB200CF5DC1 /* Resources */ = {
			isa = PBXResourcesBuildPhase;
			buildActionMask = 2147483647;
			files = (
				9F02FC232B7C4EB400CF5DC1 /* LaunchScreen.storyboard in Resources */,
				9F02FC202B7C4EB400CF5DC1 /* Assets.xcassets in Resources */,
				9F02FC1E2B7C4EB300CF5DC1 /* Main.storyboard in Resources */,
			);
			runOnlyForDeploymentPostprocessing = 0;
		};
/* End PBXResourcesBuildPhase section */

/* Begin PBXShellScriptBuildPhase section */
		152C3C828AACF0C731819306 /* [CP] Embed Pods Frameworks */ = {
			isa = PBXShellScriptBuildPhase;
			buildActionMask = 2147483647;
			files = (
			);
			inputFileListPaths = (
				"${PODS_ROOT}/Target Support Files/Pods-AppcademyProyect/Pods-AppcademyProyect-frameworks-${CONFIGURATION}-input-files.xcfilelist",
			);
			name = "[CP] Embed Pods Frameworks";
			outputFileListPaths = (
				"${PODS_ROOT}/Target Support Files/Pods-AppcademyProyect/Pods-AppcademyProyect-frameworks-${CONFIGURATION}-output-files.xcfilelist",
			);
			runOnlyForDeploymentPostprocessing = 0;
			shellPath = /bin/sh;
			shellScript = "\"${PODS_ROOT}/Target Support Files/Pods-AppcademyProyect/Pods-AppcademyProyect-frameworks.sh\"\n";
			showEnvVarsInLog = 0;
		};
		201B3F3D36B944197AC7FBC3 /* [CP] Check Pods Manifest.lock */ = {
			isa = PBXShellScriptBuildPhase;
			buildActionMask = 2147483647;
			files = (
			);
			inputFileListPaths = (
			);
			inputPaths = (
				"${PODS_PODFILE_DIR_PATH}/Podfile.lock",
				"${PODS_ROOT}/Manifest.lock",
			);
			name = "[CP] Check Pods Manifest.lock";
			outputFileListPaths = (
			);
			outputPaths = (
				"$(DERIVED_FILE_DIR)/Pods-AppcademyProyect-checkManifestLockResult.txt",
			);
			runOnlyForDeploymentPostprocessing = 0;
			shellPath = /bin/sh;
			shellScript = "diff \"${PODS_PODFILE_DIR_PATH}/Podfile.lock\" \"${PODS_ROOT}/Manifest.lock\" > /dev/null\nif [ $? != 0 ] ; then\n    # print error to STDERR\n    echo \"error: The sandbox is not in sync with the Podfile.lock. Run 'pod install' or update your CocoaPods installation.\" >&2\n    exit 1\nfi\n# This output is used by Xcode 'outputs' to avoid re-running this script phase.\necho \"SUCCESS\" > \"${SCRIPT_OUTPUT_FILE_0}\"\n";
			showEnvVarsInLog = 0;
		};
/* End PBXShellScriptBuildPhase section */

/* Begin PBXSourcesBuildPhase section */
		9F02FC0F2B7C4EB200CF5DC1 /* Sources */ = {
			isa = PBXSourcesBuildPhase;
			buildActionMask = 2147483647;
			files = (
				F1AAC02C2B846FB4008FDD16 /* SplashScreenViewModel.swift in Sources */,
				F1AAC02A2B846E25008FDD16 /* AppCoordinator.swift in Sources */,
				9F02FC322B7C506200CF5DC1 /* AdvisedModel.swift in Sources */,
				9F02FC1B2B7C4EB200CF5DC1 /* ViewController.swift in Sources */,
				9F02FC2E2B7C4FFC00CF5DC1 /* AdviserModel.swift in Sources */,
				F1AAC0282B846DE6008FDD16 /* SplashScreenCoordinator.swift in Sources */,
				9F02FC372B7C52D300CF5DC1 /* RegisterViewController.swift in Sources */,
				9F02FC492B7C55EA00CF5DC1 /* DataBase.swift in Sources */,
				9F02FC452B7C549400CF5DC1 /* LoginCoordinator.swift in Sources */,
				9F02FC302B7C503B00CF5DC1 /* LevelAdviserModel.swift in Sources */,
				9F02FC4E2B7C56E800CF5DC1 /* SplashViewModel.swift in Sources */,
				9F02FC522B7C5D9A00CF5DC1 /* UserDefaultKeys.swift in Sources */,
				9F02FC172B7C4EB200CF5DC1 /* AppDelegate.swift in Sources */,
				9F02FC192B7C4EB200CF5DC1 /* SceneDelegate.swift in Sources */,
				9F02FC4C2B7C56D700CF5DC1 /* SplashViewController.swift in Sources */,
				9F02FC392B7C533800CF5DC1 /* RegisterViewModel.swift in Sources */,
				9F02FC432B7C548100CF5DC1 /* LoginViewModel.swift in Sources */,
				9F02FC502B7C570400CF5DC1 /* SplashCoordinator.swift in Sources */,
				9F02FC342B7C508A00CF5DC1 /* CategoriesModel.swift in Sources */,
				9F02FC3B2B7C535300CF5DC1 /* RegisterCoordinator.swift in Sources */,
				9FDF4A542B7EFB7200A2B65F /* Utils.swift in Sources */,
				F1AAC0262B846D4A008FDD16 /* SplashScreenViewController.swift in Sources */,
				9F02FC412B7C544700CF5DC1 /* LoginViewController.swift in Sources */,
			);
			runOnlyForDeploymentPostprocessing = 0;
		};
/* End PBXSourcesBuildPhase section */

/* Begin PBXVariantGroup section */
		9F02FC1C2B7C4EB300CF5DC1 /* Main.storyboard */ = {
			isa = PBXVariantGroup;
			children = (
				9F02FC1D2B7C4EB300CF5DC1 /* Base */,
			);
			name = Main.storyboard;
			sourceTree = "<group>";
		};
		9F02FC212B7C4EB400CF5DC1 /* LaunchScreen.storyboard */ = {
			isa = PBXVariantGroup;
			children = (
				9F02FC222B7C4EB400CF5DC1 /* Base */,
			);
			name = LaunchScreen.storyboard;
			sourceTree = "<group>";
		};
/* End PBXVariantGroup section */

/* Begin XCBuildConfiguration section */
		9F02FC252B7C4EB500CF5DC1 /* Debug */ = {
			isa = XCBuildConfiguration;
			buildSettings = {
				ALWAYS_SEARCH_USER_PATHS = NO;
				ASSETCATALOG_COMPILER_GENERATE_SWIFT_ASSET_SYMBOL_EXTENSIONS = YES;
				CLANG_ANALYZER_NONNULL = YES;
				CLANG_ANALYZER_NUMBER_OBJECT_CONVERSION = YES_AGGRESSIVE;
				CLANG_CXX_LANGUAGE_STANDARD = "gnu++20";
				CLANG_ENABLE_MODULES = YES;
				CLANG_ENABLE_OBJC_ARC = YES;
				CLANG_ENABLE_OBJC_WEAK = YES;
				CLANG_WARN_BLOCK_CAPTURE_AUTORELEASING = YES;
				CLANG_WARN_BOOL_CONVERSION = YES;
				CLANG_WARN_COMMA = YES;
				CLANG_WARN_CONSTANT_CONVERSION = YES;
				CLANG_WARN_DEPRECATED_OBJC_IMPLEMENTATIONS = YES;
				CLANG_WARN_DIRECT_OBJC_ISA_USAGE = YES_ERROR;
				CLANG_WARN_DOCUMENTATION_COMMENTS = YES;
				CLANG_WARN_EMPTY_BODY = YES;
				CLANG_WARN_ENUM_CONVERSION = YES;
				CLANG_WARN_INFINITE_RECURSION = YES;
				CLANG_WARN_INT_CONVERSION = YES;
				CLANG_WARN_NON_LITERAL_NULL_CONVERSION = YES;
				CLANG_WARN_OBJC_IMPLICIT_RETAIN_SELF = YES;
				CLANG_WARN_OBJC_LITERAL_CONVERSION = YES;
				CLANG_WARN_OBJC_ROOT_CLASS = YES_ERROR;
				CLANG_WARN_QUOTED_INCLUDE_IN_FRAMEWORK_HEADER = YES;
				CLANG_WARN_RANGE_LOOP_ANALYSIS = YES;
				CLANG_WARN_STRICT_PROTOTYPES = YES;
				CLANG_WARN_SUSPICIOUS_MOVE = YES;
				CLANG_WARN_UNGUARDED_AVAILABILITY = YES_AGGRESSIVE;
				CLANG_WARN_UNREACHABLE_CODE = YES;
				CLANG_WARN__DUPLICATE_METHOD_MATCH = YES;
				COPY_PHASE_STRIP = NO;
				DEBUG_INFORMATION_FORMAT = dwarf;
				ENABLE_STRICT_OBJC_MSGSEND = YES;
				ENABLE_TESTABILITY = YES;
				ENABLE_USER_SCRIPT_SANDBOXING = NO;
				GCC_C_LANGUAGE_STANDARD = gnu17;
				GCC_DYNAMIC_NO_PIC = NO;
				GCC_NO_COMMON_BLOCKS = YES;
				GCC_OPTIMIZATION_LEVEL = 0;
				GCC_PREPROCESSOR_DEFINITIONS = (
					"DEBUG=1",
					"$(inherited)",
				);
				GCC_WARN_64_TO_32_BIT_CONVERSION = YES;
				GCC_WARN_ABOUT_RETURN_TYPE = YES_ERROR;
				GCC_WARN_UNDECLARED_SELECTOR = YES;
				GCC_WARN_UNINITIALIZED_AUTOS = YES_AGGRESSIVE;
				GCC_WARN_UNUSED_FUNCTION = YES;
				GCC_WARN_UNUSED_VARIABLE = YES;
				IPHONEOS_DEPLOYMENT_TARGET = 17.2;
				LOCALIZATION_PREFERS_STRING_CATALOGS = YES;
				MTL_ENABLE_DEBUG_INFO = INCLUDE_SOURCE;
				MTL_FAST_MATH = YES;
				ONLY_ACTIVE_ARCH = YES;
				SDKROOT = iphoneos;
				SWIFT_ACTIVE_COMPILATION_CONDITIONS = "DEBUG $(inherited)";
				SWIFT_OPTIMIZATION_LEVEL = "-Onone";
			};
			name = Debug;
		};
		9F02FC262B7C4EB500CF5DC1 /* Release */ = {
			isa = XCBuildConfiguration;
			buildSettings = {
				ALWAYS_SEARCH_USER_PATHS = NO;
				ASSETCATALOG_COMPILER_GENERATE_SWIFT_ASSET_SYMBOL_EXTENSIONS = YES;
				CLANG_ANALYZER_NONNULL = YES;
				CLANG_ANALYZER_NUMBER_OBJECT_CONVERSION = YES_AGGRESSIVE;
				CLANG_CXX_LANGUAGE_STANDARD = "gnu++20";
				CLANG_ENABLE_MODULES = YES;
				CLANG_ENABLE_OBJC_ARC = YES;
				CLANG_ENABLE_OBJC_WEAK = YES;
				CLANG_WARN_BLOCK_CAPTURE_AUTORELEASING = YES;
				CLANG_WARN_BOOL_CONVERSION = YES;
				CLANG_WARN_COMMA = YES;
				CLANG_WARN_CONSTANT_CONVERSION = YES;
				CLANG_WARN_DEPRECATED_OBJC_IMPLEMENTATIONS = YES;
				CLANG_WARN_DIRECT_OBJC_ISA_USAGE = YES_ERROR;
				CLANG_WARN_DOCUMENTATION_COMMENTS = YES;
				CLANG_WARN_EMPTY_BODY = YES;
				CLANG_WARN_ENUM_CONVERSION = YES;
				CLANG_WARN_INFINITE_RECURSION = YES;
				CLANG_WARN_INT_CONVERSION = YES;
				CLANG_WARN_NON_LITERAL_NULL_CONVERSION = YES;
				CLANG_WARN_OBJC_IMPLICIT_RETAIN_SELF = YES;
				CLANG_WARN_OBJC_LITERAL_CONVERSION = YES;
				CLANG_WARN_OBJC_ROOT_CLASS = YES_ERROR;
				CLANG_WARN_QUOTED_INCLUDE_IN_FRAMEWORK_HEADER = YES;
				CLANG_WARN_RANGE_LOOP_ANALYSIS = YES;
				CLANG_WARN_STRICT_PROTOTYPES = YES;
				CLANG_WARN_SUSPICIOUS_MOVE = YES;
				CLANG_WARN_UNGUARDED_AVAILABILITY = YES_AGGRESSIVE;
				CLANG_WARN_UNREACHABLE_CODE = YES;
				CLANG_WARN__DUPLICATE_METHOD_MATCH = YES;
				COPY_PHASE_STRIP = NO;
				DEBUG_INFORMATION_FORMAT = "dwarf-with-dsym";
				ENABLE_NS_ASSERTIONS = NO;
				ENABLE_STRICT_OBJC_MSGSEND = YES;
				ENABLE_USER_SCRIPT_SANDBOXING = NO;
				GCC_C_LANGUAGE_STANDARD = gnu17;
				GCC_NO_COMMON_BLOCKS = YES;
				GCC_WARN_64_TO_32_BIT_CONVERSION = YES;
				GCC_WARN_ABOUT_RETURN_TYPE = YES_ERROR;
				GCC_WARN_UNDECLARED_SELECTOR = YES;
				GCC_WARN_UNINITIALIZED_AUTOS = YES_AGGRESSIVE;
				GCC_WARN_UNUSED_FUNCTION = YES;
				GCC_WARN_UNUSED_VARIABLE = YES;
				IPHONEOS_DEPLOYMENT_TARGET = 17.2;
				LOCALIZATION_PREFERS_STRING_CATALOGS = YES;
				MTL_ENABLE_DEBUG_INFO = NO;
				MTL_FAST_MATH = YES;
				SDKROOT = iphoneos;
				SWIFT_COMPILATION_MODE = wholemodule;
				VALIDATE_PRODUCT = YES;
			};
			name = Release;
		};
		9F02FC282B7C4EB500CF5DC1 /* Debug */ = {
			isa = XCBuildConfiguration;
			baseConfigurationReference = 2B722CF217AE3242CF1EEDD6 /* Pods-AppcademyProyect.debug.xcconfig */;
			buildSettings = {
				ASSETCATALOG_COMPILER_APPICON_NAME = AppIcon;
				ASSETCATALOG_COMPILER_GLOBAL_ACCENT_COLOR_NAME = AccentColor;
				CODE_SIGN_STYLE = Automatic;
				CURRENT_PROJECT_VERSION = 1;
				DEVELOPMENT_TEAM = R2PX2WMZ3M;
				GENERATE_INFOPLIST_FILE = YES;
				INFOPLIST_FILE = AppcademyProyect/Info.plist;
				INFOPLIST_KEY_UIApplicationSupportsIndirectInputEvents = YES;
				INFOPLIST_KEY_UILaunchStoryboardName = LaunchScreen;
				INFOPLIST_KEY_UIMainStoryboardFile = Main;
				INFOPLIST_KEY_UISupportedInterfaceOrientations_iPad = "UIInterfaceOrientationPortrait UIInterfaceOrientationPortraitUpsideDown UIInterfaceOrientationLandscapeLeft UIInterfaceOrientationLandscapeRight";
				INFOPLIST_KEY_UISupportedInterfaceOrientations_iPhone = "UIInterfaceOrientationPortrait UIInterfaceOrientationLandscapeLeft UIInterfaceOrientationLandscapeRight";
				LD_RUNPATH_SEARCH_PATHS = (
					"$(inherited)",
					"@executable_path/Frameworks",
				);
				MARKETING_VERSION = 1.0;
				PRODUCT_BUNDLE_IDENTIFIER = janelly.AppcademyProyect;
				PRODUCT_NAME = "$(TARGET_NAME)";
				SWIFT_EMIT_LOC_STRINGS = YES;
				SWIFT_VERSION = 5.0;
				TARGETED_DEVICE_FAMILY = "1,2";
			};
			name = Debug;
		};
		9F02FC292B7C4EB500CF5DC1 /* Release */ = {
			isa = XCBuildConfiguration;
			baseConfigurationReference = 77EBAB7DD38C5156631FF588 /* Pods-AppcademyProyect.release.xcconfig */;
			buildSettings = {
				ASSETCATALOG_COMPILER_APPICON_NAME = AppIcon;
				ASSETCATALOG_COMPILER_GLOBAL_ACCENT_COLOR_NAME = AccentColor;
				CODE_SIGN_STYLE = Automatic;
				CURRENT_PROJECT_VERSION = 1;
				DEVELOPMENT_TEAM = R2PX2WMZ3M;
				GENERATE_INFOPLIST_FILE = YES;
				INFOPLIST_FILE = AppcademyProyect/Info.plist;
				INFOPLIST_KEY_UIApplicationSupportsIndirectInputEvents = YES;
				INFOPLIST_KEY_UILaunchStoryboardName = LaunchScreen;
				INFOPLIST_KEY_UIMainStoryboardFile = Main;
				INFOPLIST_KEY_UISupportedInterfaceOrientations_iPad = "UIInterfaceOrientationPortrait UIInterfaceOrientationPortraitUpsideDown UIInterfaceOrientationLandscapeLeft UIInterfaceOrientationLandscapeRight";
				INFOPLIST_KEY_UISupportedInterfaceOrientations_iPhone = "UIInterfaceOrientationPortrait UIInterfaceOrientationLandscapeLeft UIInterfaceOrientationLandscapeRight";
				LD_RUNPATH_SEARCH_PATHS = (
					"$(inherited)",
					"@executable_path/Frameworks",
				);
				MARKETING_VERSION = 1.0;
				PRODUCT_BUNDLE_IDENTIFIER = janelly.AppcademyProyect;
				PRODUCT_NAME = "$(TARGET_NAME)";
				SWIFT_EMIT_LOC_STRINGS = YES;
				SWIFT_VERSION = 5.0;
				TARGETED_DEVICE_FAMILY = "1,2";
			};
			name = Release;
		};
/* End XCBuildConfiguration section */

/* Begin XCConfigurationList section */
		9F02FC0E2B7C4EB200CF5DC1 /* Build configuration list for PBXProject "AppcademyProyect" */ = {
			isa = XCConfigurationList;
			buildConfigurations = (
				9F02FC252B7C4EB500CF5DC1 /* Debug */,
				9F02FC262B7C4EB500CF5DC1 /* Release */,
			);
			defaultConfigurationIsVisible = 0;
			defaultConfigurationName = Release;
		};
		9F02FC272B7C4EB500CF5DC1 /* Build configuration list for PBXNativeTarget "AppcademyProyect" */ = {
			isa = XCConfigurationList;
			buildConfigurations = (
				9F02FC282B7C4EB500CF5DC1 /* Debug */,
				9F02FC292B7C4EB500CF5DC1 /* Release */,
			);
			defaultConfigurationIsVisible = 0;
			defaultConfigurationName = Release;
		};
/* End XCConfigurationList section */
	};
	rootObject = 9F02FC0B2B7C4EB200CF5DC1 /* Project object */;
}
